Microsoft Visual Studio Solution File, Format Version 12.00
# Visual Studio 2012
Project("{FAE04EC0-301F-11D3-BF4B-00C04F79EFBC}") = "Procedural Generator Mki", "Procedural Generator Mki.csproj", "{AE24B398-1FF1-4E4C-88D6-395F6AD33738}"
EndProject
Global
	GlobalSection(SolutionConfigurationPlatforms) = preSolution
	Debug|Any CPU = Debug|Any CPU
	ExportDebug|Any CPU = ExportDebug|Any CPU
	ExportRelease|Any CPU = ExportRelease|Any CPU
	EndGlobalSection
	GlobalSection(ProjectConfigurationPlatforms) = postSolution
		{AE24B398-1FF1-4E4C-88D6-395F6AD33738}.Debug|Any CPU.ActiveCfg = Debug|Any CPU
		{AE24B398-1FF1-4E4C-88D6-395F6AD33738}.Debug|Any CPU.Build.0 = Debug|Any CPU
		{AE24B398-1FF1-4E4C-88D6-395F6AD33738}.ExportDebug|Any CPU.ActiveCfg = ExportDebug|Any CPU
		{AE24B398-1FF1-4E4C-88D6-395F6AD33738}.ExportDebug|Any CPU.Build.0 = ExportDebug|Any CPU
		{AE24B398-1FF1-4E4C-88D6-395F6AD33738}.ExportRelease|Any CPU.ActiveCfg = ExportRelease|Any CPU
		{AE24B398-1FF1-4E4C-88D6-395F6AD33738}.ExportRelease|Any CPU.Build.0 = ExportRelease|Any CPU
	EndGlobalSection
EndGlobal
